
Microsoft Visual Studio Solution File, Format Version 12.00
# Visual Studio 14
VisualStudioVersion = 14.0.25420.1
MinimumVisualStudioVersion = 10.0.40219.1
Project("{FAE04EC0-301F-11D3-BF4B-00C04F79EFBC}") = "ModeloEF", "ModeloEF\ModeloEF.csproj", "{54AD4345-2B79-4BDA-BD1B-6437823B073F}"
EndProject
Project("{E24C65DC-7377-472B-9ABA-BC803B73C61A}") = "Servicio", "Servicio\", "{7C6F3F83-E4C6-40E0-A1E5-10626CD7AA45}"
	ProjectSection(WebsiteProperties) = preProject
		TargetFrameworkMoniker = ".NETFramework,Version%3Dv4.5.2"
		ProjectReferences = "{54ad4345-2b79-4bda-bd1b-6437823b073f}|ModeloEF.dll;"
		Debug.AspNetCompiler.VirtualPath = "/localhost_64168"
		Debug.AspNetCompiler.PhysicalPath = "Servicio\"
		Debug.AspNetCompiler.TargetPath = "PrecompiledWeb\localhost_64168\"
		Debug.AspNetCompiler.Updateable = "true"
		Debug.AspNetCompiler.ForceOverwrite = "true"
		Debug.AspNetCompiler.FixedNames = "false"
		Debug.AspNetCompiler.Debug = "True"
		Release.AspNetCompiler.VirtualPath = "/localhost_64168"
		Release.AspNetCompiler.PhysicalPath = "Servicio\"
		Release.AspNetCompiler.TargetPath = "PrecompiledWeb\localhost_64168\"
		Release.AspNetCompiler.Updateable = "true"
		Release.AspNetCompiler.ForceOverwrite = "true"
		Release.AspNetCompiler.FixedNames = "false"
		Release.AspNetCompiler.Debug = "False"
		VWDPort = "64168"
		SlnRelativePath = "Servicio\"
		DefaultWebSiteLanguage = "Visual C#"
	EndProjectSection
EndProject
Project("{E24C65DC-7377-472B-9ABA-BC803B73C61A}") = "Sitio", "Sitio\", "{E94995EE-0E42-4C24-9246-9ED31102C44A}"
	ProjectSection(WebsiteProperties) = preProject
		TargetFrameworkMoniker = ".NETFramework,Version%3Dv4.5.2"
		ProjectReferences = "{54ad4345-2b79-4bda-bd1b-6437823b073f}|ModeloEF.dll;"
		Debug.AspNetCompiler.VirtualPath = "/localhost_62574"
		Debug.AspNetCompiler.PhysicalPath = "Sitio\"
		Debug.AspNetCompiler.TargetPath = "PrecompiledWeb\localhost_62574\"
		Debug.AspNetCompiler.Updateable = "true"
		Debug.AspNetCompiler.ForceOverwrite = "true"
		Debug.AspNetCompiler.FixedNames = "false"
		Debug.AspNetCompiler.Debug = "True"
		Release.AspNetCompiler.VirtualPath = "/localhost_62574"
		Release.AspNetCompiler.PhysicalPath = "Sitio\"
		Release.AspNetCompiler.TargetPath = "PrecompiledWeb\localhost_62574\"
		Release.AspNetCompiler.Updateable = "true"
		Release.AspNetCompiler.ForceOverwrite = "true"
		Release.AspNetCompiler.FixedNames = "false"
		Release.AspNetCompiler.Debug = "False"
		VWDPort = "62574"
		SlnRelativePath = "Sitio\"
		DefaultWebSiteLanguage = "Visual C#"
	EndProjectSection
EndProject
Global
	GlobalSection(SolutionConfigurationPlatforms) = preSolution
		Debug|Any CPU = Debug|Any CPU
		Release|Any CPU = Release|Any CPU
	EndGlobalSection
	GlobalSection(ProjectConfigurationPlatforms) = postSolution
		{54AD4345-2B79-4BDA-BD1B-6437823B073F}.Debug|Any CPU.ActiveCfg = Debug|Any CPU
		{54AD4345-2B79-4BDA-BD1B-6437823B073F}.Debug|Any CPU.Build.0 = Debug|Any CPU
		{54AD4345-2B79-4BDA-BD1B-6437823B073F}.Release|Any CPU.ActiveCfg = Release|Any CPU
		{54AD4345-2B79-4BDA-BD1B-6437823B073F}.Release|Any CPU.Build.0 = Release|Any CPU
		{7C6F3F83-E4C6-40E0-A1E5-10626CD7AA45}.Debug|Any CPU.ActiveCfg = Debug|Any CPU
		{7C6F3F83-E4C6-40E0-A1E5-10626CD7AA45}.Debug|Any CPU.Build.0 = Debug|Any CPU
		{7C6F3F83-E4C6-40E0-A1E5-10626CD7AA45}.Release|Any CPU.ActiveCfg = Debug|Any CPU
		{7C6F3F83-E4C6-40E0-A1E5-10626CD7AA45}.Release|Any CPU.Build.0 = Debug|Any CPU
		{E94995EE-0E42-4C24-9246-9ED31102C44A}.Debug|Any CPU.ActiveCfg = Debug|Any CPU
		{E94995EE-0E42-4C24-9246-9ED31102C44A}.Debug|Any CPU.Build.0 = Debug|Any CPU
		{E94995EE-0E42-4C24-9246-9ED31102C44A}.Release|Any CPU.ActiveCfg = Debug|Any CPU
		{E94995EE-0E42-4C24-9246-9ED31102C44A}.Release|Any CPU.Build.0 = Debug|Any CPU
	EndGlobalSection
	GlobalSection(SolutionProperties) = preSolution
		HideSolutionNode = FALSE
	EndGlobalSection
EndGlobal
